
Microsoft Visual Studio Solution File, Format Version 12.00
# Visual Studio 2013
VisualStudioVersion = 12.0.40629.0
MinimumVisualStudioVersion = 10.0.40219.1
Project("{FAE04EC0-301F-11D3-BF4B-00C04F79EFBC}") = "UniqueProvider", "CaptchaGen\UniqueProvider.csproj", "{5A97E45E-736D-4EA8-A1C3-7E681D2EFD41}"
EndProject
Project("{FAE04EC0-301F-11D3-BF4B-00C04F79EFBC}") = "Test.UniqueProvider", "Test.UniqueProvider\Test.UniqueProvider.csproj", "{49CCFCA7-C370-45B1-833E-E12237E6B1C4}"
EndProject
Global
	GlobalSection(SolutionConfigurationPlatforms) = preSolution
		Debug|Any CPU = Debug|Any CPU
		Release|Any CPU = Release|Any CPU
	EndGlobalSection
	GlobalSection(ProjectConfigurationPlatforms) = postSolution
		{5A97E45E-736D-4EA8-A1C3-7E681D2EFD41}.Debug|Any CPU.ActiveCfg = Debug|Any CPU
		{5A97E45E-736D-4EA8-A1C3-7E681D2EFD41}.Debug|Any CPU.Build.0 = Debug|Any CPU
		{5A97E45E-736D-4EA8-A1C3-7E681D2EFD41}.Release|Any CPU.ActiveCfg = Release|Any CPU
		{5A97E45E-736D-4EA8-A1C3-7E681D2EFD41}.Release|Any CPU.Build.0 = Release|Any CPU
		{49CCFCA7-C370-45B1-833E-E12237E6B1C4}.Debug|Any CPU.ActiveCfg = Debug|Any CPU
		{49CCFCA7-C370-45B1-833E-E12237E6B1C4}.Debug|Any CPU.Build.0 = Debug|Any CPU
		{49CCFCA7-C370-45B1-833E-E12237E6B1C4}.Release|Any CPU.ActiveCfg = Release|Any CPU
		{49CCFCA7-C370-45B1-833E-E12237E6B1C4}.Release|Any CPU.Build.0 = Release|Any CPU
	EndGlobalSection
	GlobalSection(SolutionProperties) = preSolution
		HideSolutionNode = FALSE
	EndGlobalSection
EndGlobal
